
Microsoft Visual Studio Solution File, Format Version 12.00
# Visual Studio Version 16
VisualStudioVersion = 16.0.30804.86
MinimumVisualStudioVersion = 10.0.40219.1
Project("{9A19103F-16F7-4668-BE54-9A1E7A4F7556}") = "openTKCircleThin", "openTKCircleThin.csproj", "{055C1E47-4FE7-4037-A51F-3F2E7C54FA5B}"
EndProject
Project("{9A19103F-16F7-4668-BE54-9A1E7A4F7556}") = "test test", "..\test test\test test.csproj", "{FBA30C58-096B-4CE2-B633-E8BCF39D7AA8}"
EndProject
Project("{9A19103F-16F7-4668-BE54-9A1E7A4F7556}") = "FunShapes", "..\FunShapes\FunShapes.csproj", "{E9450AE2-E7DD-43A7-8A1F-C228B594EDD1}"
EndProject
Project("{9A19103F-16F7-4668-BE54-9A1E7A4F7556}") = "PointMap", "..\PointMap\PointMap.csproj", "{ABA4FA7A-5DFB-45A7-BA6B-191B09D64A8A}"
EndProject
Project("{9A19103F-16F7-4668-BE54-9A1E7A4F7556}") = "RadiationMap", "..\RadiationMap\RadiationMap.csproj", "{4D8B53E9-7F70-4121-8ED8-DDE2B142A8F9}"
EndProject
Project("{2150E333-8FDC-42A3-9474-1A3956D46DE8}") = "HigherAbstractions", "HigherAbstractions", "{CE169675-36E2-48BD-84C4-A743CFBD4231}"
EndProject
Project("{9A19103F-16F7-4668-BE54-9A1E7A4F7556}") = "FuelMap", "..\FuelMap\FuelMap.csproj", "{D2CE9EA8-9553-4407-86F9-51F3BD8E1EFF}"
EndProject
Project("{FAE04EC0-301F-11D3-BF4B-00C04F79EFBC}") = "NodeDirectedFuelMap", "..\NodeDirectedFuelMap\NodeDirectedFuelMap.csproj", "{BAC2314E-AA44-4AE8-A88D-C8637C7B9C21}"
EndProject
Global
	GlobalSection(SolutionConfigurationPlatforms) = preSolution
		Debug|Any CPU = Debug|Any CPU
		Release|Any CPU = Release|Any CPU
	EndGlobalSection
	GlobalSection(ProjectConfigurationPlatforms) = postSolution
		{055C1E47-4FE7-4037-A51F-3F2E7C54FA5B}.Debug|Any CPU.ActiveCfg = Debug|Any CPU
		{055C1E47-4FE7-4037-A51F-3F2E7C54FA5B}.Debug|Any CPU.Build.0 = Debug|Any CPU
		{055C1E47-4FE7-4037-A51F-3F2E7C54FA5B}.Release|Any CPU.ActiveCfg = Release|Any CPU
		{055C1E47-4FE7-4037-A51F-3F2E7C54FA5B}.Release|Any CPU.Build.0 = Release|Any CPU
		{FBA30C58-096B-4CE2-B633-E8BCF39D7AA8}.Debug|Any CPU.ActiveCfg = Debug|Any CPU
		{FBA30C58-096B-4CE2-B633-E8BCF39D7AA8}.Debug|Any CPU.Build.0 = Debug|Any CPU
		{FBA30C58-096B-4CE2-B633-E8BCF39D7AA8}.Release|Any CPU.ActiveCfg = Release|Any CPU
		{FBA30C58-096B-4CE2-B633-E8BCF39D7AA8}.Release|Any CPU.Build.0 = Release|Any CPU
		{E9450AE2-E7DD-43A7-8A1F-C228B594EDD1}.Debug|Any CPU.ActiveCfg = Debug|Any CPU
		{E9450AE2-E7DD-43A7-8A1F-C228B594EDD1}.Debug|Any CPU.Build.0 = Debug|Any CPU
		{E9450AE2-E7DD-43A7-8A1F-C228B594EDD1}.Release|Any CPU.ActiveCfg = Release|Any CPU
		{E9450AE2-E7DD-43A7-8A1F-C228B594EDD1}.Release|Any CPU.Build.0 = Release|Any CPU
		{ABA4FA7A-5DFB-45A7-BA6B-191B09D64A8A}.Debug|Any CPU.ActiveCfg = Debug|Any CPU
		{ABA4FA7A-5DFB-45A7-BA6B-191B09D64A8A}.Debug|Any CPU.Build.0 = Debug|Any CPU
		{ABA4FA7A-5DFB-45A7-BA6B-191B09D64A8A}.Release|Any CPU.ActiveCfg = Release|Any CPU
		{ABA4FA7A-5DFB-45A7-BA6B-191B09D64A8A}.Release|Any CPU.Build.0 = Release|Any CPU
		{4D8B53E9-7F70-4121-8ED8-DDE2B142A8F9}.Debug|Any CPU.ActiveCfg = Debug|Any CPU
		{4D8B53E9-7F70-4121-8ED8-DDE2B142A8F9}.Debug|Any CPU.Build.0 = Debug|Any CPU
		{4D8B53E9-7F70-4121-8ED8-DDE2B142A8F9}.Release|Any CPU.ActiveCfg = Release|Any CPU
		{4D8B53E9-7F70-4121-8ED8-DDE2B142A8F9}.Release|Any CPU.Build.0 = Release|Any CPU
		{D2CE9EA8-9553-4407-86F9-51F3BD8E1EFF}.Debug|Any CPU.ActiveCfg = Debug|Any CPU
		{D2CE9EA8-9553-4407-86F9-51F3BD8E1EFF}.Debug|Any CPU.Build.0 = Debug|Any CPU
		{D2CE9EA8-9553-4407-86F9-51F3BD8E1EFF}.Release|Any CPU.ActiveCfg = Release|Any CPU
		{D2CE9EA8-9553-4407-86F9-51F3BD8E1EFF}.Release|Any CPU.Build.0 = Release|Any CPU
		{BAC2314E-AA44-4AE8-A88D-C8637C7B9C21}.Debug|Any CPU.ActiveCfg = Debug|Any CPU
		{BAC2314E-AA44-4AE8-A88D-C8637C7B9C21}.Debug|Any CPU.Build.0 = Debug|Any CPU
		{BAC2314E-AA44-4AE8-A88D-C8637C7B9C21}.Release|Any CPU.ActiveCfg = Release|Any CPU
		{BAC2314E-AA44-4AE8-A88D-C8637C7B9C21}.Release|Any CPU.Build.0 = Release|Any CPU
	EndGlobalSection
	GlobalSection(SolutionProperties) = preSolution
		HideSolutionNode = FALSE
	EndGlobalSection
	GlobalSection(NestedProjects) = preSolution
		{ABA4FA7A-5DFB-45A7-BA6B-191B09D64A8A} = {CE169675-36E2-48BD-84C4-A743CFBD4231}
		{4D8B53E9-7F70-4121-8ED8-DDE2B142A8F9} = {CE169675-36E2-48BD-84C4-A743CFBD4231}
		{D2CE9EA8-9553-4407-86F9-51F3BD8E1EFF} = {CE169675-36E2-48BD-84C4-A743CFBD4231}
		{BAC2314E-AA44-4AE8-A88D-C8637C7B9C21} = {CE169675-36E2-48BD-84C4-A743CFBD4231}
	EndGlobalSection
	GlobalSection(ExtensibilityGlobals) = postSolution
		SolutionGuid = {3ABAFA92-5ED3-47C3-8553-95B506E143FE}
	EndGlobalSection
EndGlobal
